github.com/bluele/gcache v0.0.0-20190518031135-bc40bd653833 h1:yCfXxYaelOyqnia8F/Yng47qhmfC9nKTRIbYRrRueq4=
github.com/bluele/gcache v0.0.0-20190518031135-bc40bd653833/go.mod h1:8c4/i2VlovMO2gBnHGQPN5EJw+H0lx1u/5p+cgsXtCk=
github.com/emirpasic/gods v1.12.0 h1:QAUIPSaCu4G+POclxeqb3F+WPpdKqFGlw36+yOzGlrg=
github.com/emirpasic/gods v1.12.0/go.mod h1:YfzfFFoVP/catgzJb4IKIqXjX78Ha8FMSDh3ymbK86o=
github.com/hyperledger/fabric v1.4.6 h1:XnTMm3o6NM3BVCN85ZeO6PgaFwmcKH+dKsahaPFfZUY=
github.com/prasanths96/gostack v0.0.0-20200415175206-72e0ab21e54b h1:/0LDkVvy1ULusbX7UCQ9O0yoY1OuJ/ACmH1EVpISSqM=
github.com/prasanths96/gostack v0.0.0-20200415175206-72e0ab21e54b/go.mod h1:oPcMDbQVBhLTnnxPfMgJ3bRS5oRE7oe4cs3POXMN+Ik=
github.com/prasanths96/istate v0.0.0-20200419151234-9d551589667e h1:FKlFDeQpnyKC9wc7+luXpJ72R0+TM3y5MnFNMKH1/D4=
github.com/prasanths96/istate v0.0.0-20200419151234-9d551589667e/go.mod h1:YvVzdSt+4JlIC8Brb9r7qigCJv5ZlMu3dB0/qys8XcU=
